// !$*UTF8*$!
{
	archiveVersion = 1;
	classes = {
	};
	objectVersion = 48;
	objects = {

/* Begin PBXBuildFile section */
		38F8031B20D8CA2B009B79D1 /* AppDelegate.swift in Sources */ = {isa = PBXBuildFile; fileRef = 38F8031A20D8CA2B009B79D1 /* AppDelegate.swift */; };
		38F8031D20D8CA2C009B79D1 /* ViewController.swift in Sources */ = {isa = PBXBuildFile; fileRef = 38F8031C20D8CA2C009B79D1 /* ViewController.swift */; };
		38F8032020D8CA2C009B79D1 /* Main.storyboard in Resources */ = {isa = PBXBuildFile; fileRef = 38F8031E20D8CA2C009B79D1 /* Main.storyboard */; };
		38F8032220D8CA2E009B79D1 /* Assets.xcassets in Resources */ = {isa = PBXBuildFile; fileRef = 38F8032120D8CA2D009B79D1 /* Assets.xcassets */; };
		38F8032520D8CA2E009B79D1 /* LaunchScreen.storyboard in Resources */ = {isa = PBXBuildFile; fileRef = 38F8032320D8CA2E009B79D1 /* LaunchScreen.storyboard */; };
		38F8033020D8CA34009B79D1 /* CounterTests.swift in Sources */ = {isa = PBXBuildFile; fileRef = 38F8032F20D8CA34009B79D1 /* CounterTests.swift */; };
		38F8033B20D8CA36009B79D1 /* CounterUITests.swift in Sources */ = {isa = PBXBuildFile; fileRef = 38F8033A20D8CA36009B79D1 /* CounterUITests.swift */; };
/* End PBXBuildFile section */

/* Begin PBXContainerItemProxy section */
		38F8032C20D8CA33009B79D1 /* PBXContainerItemProxy */ = {
			isa = PBXContainerItemProxy;
			containerPortal = 38F8030F20D8CA29009B79D1 /* Project object */;
			proxyType = 1;
			remoteGlobalIDString = 38F8031620D8CA2B009B79D1;
			remoteInfo = Counter;
		};
		38F8033720D8CA34009B79D1 /* PBXContainerItemProxy */ = {
			isa = PBXContainerItemProxy;
			containerPortal = 38F8030F20D8CA29009B79D1 /* Project object */;
			proxyType = 1;
			remoteGlobalIDString = 38F8031620D8CA2B009B79D1;
			remoteInfo = Counter;
		};
/* End PBXContainerItemProxy section */

/* Begin PBXFileReference section */
		38F8031720D8CA2B009B79D1 /* Counter.app */ = {isa = PBXFileReference; explicitFileType = wrapper.application; includeInIndex = 0; path = Counter.app; sourceTree = BUILT_PRODUCTS_DIR; };
		38F8031A20D8CA2B009B79D1 /* AppDelegate.swift */ = {isa = PBXFileReference; lastKnownFileType = sourcecode.swift; path = AppDelegate.swift; sourceTree = "<group>"; };
		38F8031C20D8CA2C009B79D1 /* ViewController.swift */ = {isa = PBXFileReference; lastKnownFileType = sourcecode.swift; path = ViewController.swift; sourceTree = "<group>"; };
		38F8031F20D8CA2C009B79D1 /* Base */ = {isa = PBXFileReference; lastKnownFileType = file.storyboard; name = Base; path = Base.lproj/Main.storyboard; sourceTree = "<group>"; };
		38F8032120D8CA2D009B79D1 /* Assets.xcassets */ = {isa = PBXFileReference; lastKnownFileType = folder.assetcatalog; path = Assets.xcassets; sourceTree = "<group>"; };
		38F8032420D8CA2E009B79D1 /* Base */ = {isa = PBXFileReference; lastKnownFileType = file.storyboard; name = Base; path = Base.lproj/LaunchScreen.storyboard; sourceTree = "<group>"; };
		38F8032620D8CA30009B79D1 /* Info.plist */ = {isa = PBXFileReference; lastKnownFileType = text.plist.xml; path = Info.plist; sourceTree = "<group>"; };
		38F8032B20D8CA33009B79D1 /* CounterTests.xctest */ = {isa = PBXFileReference; explicitFileType = wrapper.cfbundle; includeInIndex = 0; path = CounterTests.xctest; sourceTree = BUILT_PRODUCTS_DIR; };
		38F8032F20D8CA34009B79D1 /* CounterTests.swift */ = {isa = PBXFileReference; lastKnownFileType = sourcecode.swift; path = CounterTests.swift; sourceTree = "<group>"; };
		38F8033120D8CA34009B79D1 /* Info.plist */ = {isa = PBXFileReference; lastKnownFileType = text.plist.xml; path = Info.plist; sourceTree = "<group>"; };
		38F8033620D8CA34009B79D1 /* CounterUITests.xctest */ = {isa = PBXFileReference; explicitFileType = wrapper.cfbundle; includeInIndex = 0; path = CounterUITests.xctest; sourceTree = BUILT_PRODUCTS_DIR; };
		38F8033A20D8CA36009B79D1 /* CounterUITests.swift */ = {isa = PBXFileReference; lastKnownFileType = sourcecode.swift; path = CounterUITests.swift; sourceTree = "<group>"; };
		38F8033C20D8CA36009B79D1 /* Info.plist */ = {isa = PBXFileReference; lastKnownFileType = text.plist.xml; path = Info.plist; sourceTree = "<group>"; };
/* End PBXFileReference section */

/* Begin PBXFrameworksBuildPhase section */
		38F8031420D8CA2B009B79D1 /* Frameworks */ = {
			isa = PBXFrameworksBuildPhase;
			buildActionMask = 2147483647;
			files = (
			);
			runOnlyForDeploymentPostprocessing = 0;
		};
		38F8032820D8CA33009B79D1 /* Frameworks */ = {
			isa = PBXFrameworksBuildPhase;
			buildActionMask = 2147483647;
			files = (
			);
			runOnlyForDeploymentPostprocessing = 0;
		};
		38F8033320D8CA34009B79D1 /* Frameworks */ = {
			isa = PBXFrameworksBuildPhase;
			buildActionMask = 2147483647;
			files = (
			);
			runOnlyForDeploymentPostprocessing = 0;
		};
/* End PBXFrameworksBuildPhase section */

/* Begin PBXGroup section */
		38F8030E20D8CA29009B79D1 = {
			isa = PBXGroup;
			children = (
				38F8031920D8CA2B009B79D1 /* Counter */,
				38F8032E20D8CA33009B79D1 /* CounterTests */,
				38F8033920D8CA35009B79D1 /* CounterUITests */,
				38F8031820D8CA2B009B79D1 /* Products */,
			);
			sourceTree = "<group>";
		};
		38F8031820D8CA2B009B79D1 /* Products */ = {
			isa = PBXGroup;
			children = (
				38F8031720D8CA2B009B79D1 /* Counter.app */,
				38F8032B20D8CA33009B79D1 /* CounterTests.xctest */,
				38F8033620D8CA34009B79D1 /* CounterUITests.xctest */,
			);
			name = Products;
			sourceTree = "<group>";
		};
		38F8031920D8CA2B009B79D1 /* Counter */ = {
			isa = PBXGroup;
			children = (
				38F8031A20D8CA2B009B79D1 /* AppDelegate.swift */,
				38F8031C20D8CA2C009B79D1 /* ViewController.swift */,
				38F8031E20D8CA2C009B79D1 /* Main.storyboard */,
				38F8032120D8CA2D009B79D1 /* Assets.xcassets */,
				38F8032320D8CA2E009B79D1 /* LaunchScreen.storyboard */,
				38F8032620D8CA30009B79D1 /* Info.plist */,
			);
			path = Counter;
			sourceTree = "<group>";
		};
		38F8032E20D8CA33009B79D1 /* CounterTests */ = {
			isa = PBXGroup;
			children = (
				38F8032F20D8CA34009B79D1 /* CounterTests.swift */,
				38F8033120D8CA34009B79D1 /* Info.plist */,
			);
			path = CounterTests;
			sourceTree = "<group>";
		};
		38F8033920D8CA35009B79D1 /* CounterUITests */ = {
			isa = PBXGroup;
			children = (
				38F8033A20D8CA36009B79D1 /* CounterUITests.swift */,
				38F8033C20D8CA36009B79D1 /* Info.plist */,
			);
			path = CounterUITests;
			sourceTree = "<group>";
		};
/* End PBXGroup section */

/* Begin PBXNativeTarget section */
		38F8031620D8CA2B009B79D1 /* Counter */ = {
			isa = PBXNativeTarget;
			buildConfigurationList = 38F8033F20D8CA36009B79D1 /* Build configuration list for PBXNativeTarget "Counter" */;
			buildPhases = (
				38F8031320D8CA2B009B79D1 /* Sources */,
				38F8031420D8CA2B009B79D1 /* Frameworks */,
				38F8031520D8CA2B009B79D1 /* Resources */,
			);
			buildRules = (
			);
			dependencies = (
			);
			name = Counter;
			productName = Counter;
			productReference = 38F8031720D8CA2B009B79D1 /* Counter.app */;
			productType = "com.apple.product-type.application";
		};
		38F8032A20D8CA33009B79D1 /* CounterTests */ = {
			isa = PBXNativeTarget;
			buildConfigurationList = 38F8034220D8CA36009B79D1 /* Build configuration list for PBXNativeTarget "CounterTests" */;
			buildPhases = (
				38F8032720D8CA33009B79D1 /* Sources */,
				38F8032820D8CA33009B79D1 /* Frameworks */,
				38F8032920D8CA33009B79D1 /* Resources */,
			);
			buildRules = (
			);
			dependencies = (
				38F8032D20D8CA33009B79D1 /* PBXTargetDependency */,
			);
			name = CounterTests;
			productName = CounterTests;
			productReference = 38F8032B20D8CA33009B79D1 /* CounterTests.xctest */;
			productType = "com.apple.product-type.bundle.unit-test";
		};
		38F8033520D8CA34009B79D1 /* CounterUITests */ = {
			isa = PBXNativeTarget;
			buildConfigurationList = 38F8034520D8CA36009B79D1 /* Build configuration list for PBXNativeTarget "CounterUITests" */;
			buildPhases = (
				38F8033220D8CA34009B79D1 /* Sources */,
				38F8033320D8CA34009B79D1 /* Frameworks */,
				38F8033420D8CA34009B79D1 /* Resources */,
			);
			buildRules = (
			);
			dependencies = (
				38F8033820D8CA34009B79D1 /* PBXTargetDependency */,
			);
			name = CounterUITests;
			productName = CounterUITests;
			productReference = 38F8033620D8CA34009B79D1 /* CounterUITests.xctest */;
			productType = "com.apple.product-type.bundle.ui-testing";
		};
/* End PBXNativeTarget section */

/* Begin PBXProject section */
		38F8030F20D8CA29009B79D1 /* Project object */ = {
			isa = PBXProject;
			attributes = {
				LastSwiftUpdateCheck = 0910;
				LastUpgradeCheck = 0910;
				ORGANIZATIONNAME = "Alton Henley";
				TargetAttributes = {
					38F8031620D8CA2B009B79D1 = {
						CreatedOnToolsVersion = 9.1;
						ProvisioningStyle = Automatic;
					};
					38F8032A20D8CA33009B79D1 = {
						CreatedOnToolsVersion = 9.1;
						ProvisioningStyle = Automatic;
						TestTargetID = 38F8031620D8CA2B009B79D1;
					};
					38F8033520D8CA34009B79D1 = {
						CreatedOnToolsVersion = 9.1;
						ProvisioningStyle = Automatic;
						TestTargetID = 38F8031620D8CA2B009B79D1;
					};
				};
			};
			buildConfigurationList = 38F8031220D8CA29009B79D1 /* Build configuration list for PBXProject "Counter" */;
			compatibilityVersion = "Xcode 8.0";
			developmentRegion = en;
			hasScannedForEncodings = 0;
			knownRegions = (
				en,
				Base,
			);
			mainGroup = 38F8030E20D8CA29009B79D1;
			productRefGroup = 38F8031820D8CA2B009B79D1 /* Products */;
			projectDirPath = "";
			projectRoot = "";
			targets = (
				38F8031620D8CA2B009B79D1 /* Counter */,
				38F8032A20D8CA33009B79D1 /* CounterTests */,
				38F8033520D8CA34009B79D1 /* CounterUITests */,
			);
		};
/* End PBXProject section */

/* Begin PBXResourcesBuildPhase section */
		38F8031520D8CA2B009B79D1 /* Resources */ = {
			isa = PBXResourcesBuildPhase;
			buildActionMask = 2147483647;
			files = (
				38F8032520D8CA2E009B79D1 /* LaunchScreen.storyboard in Resources */,
				38F8032220D8CA2E009B79D1 /* Assets.xcassets in Resources */,
				38F8032020D8CA2C009B79D1 /* Main.storyboard in Resources */,
			);
			runOnlyForDeploymentPostprocessing = 0;
		};
		38F8032920D8CA33009B79D1 /* Resources */ = {
			isa = PBXResourcesBuildPhase;
			buildActionMask = 2147483647;
			files = (
			);
			runOnlyForDeploymentPostprocessing = 0;
		};
		38F8033420D8CA34009B79D1 /* Resources */ = {
			isa = PBXResourcesBuildPhase;
			buildActionMask = 2147483647;
			files = (
			);
			runOnlyForDeploymentPostprocessing = 0;
		};
/* End PBXResourcesBuildPhase section */

/* Begin PBXSourcesBuildPhase section */
		38F8031320D8CA2B009B79D1 /* Sources */ = {
			isa = PBXSourcesBuildPhase;
			buildActionMask = 2147483647;
			files = (
				38F8031D20D8CA2C009B79D1 /* ViewController.swift in Sources */,
				38F8031B20D8CA2B009B79D1 /* AppDelegate.swift in Sources */,
			);
			runOnlyForDeploymentPostprocessing = 0;
		};
		38F8032720D8CA33009B79D1 /* Sources */ = {
			isa = PBXSourcesBuildPhase;
			buildActionMask = 2147483647;
			files = (
				38F8033020D8CA34009B79D1 /* CounterTests.swift in Sources */,
			);
			runOnlyForDeploymentPostprocessing = 0;
		};
		38F8033220D8CA34009B79D1 /* Sources */ = {
			isa = PBXSourcesBuildPhase;
			buildActionMask = 2147483647;
			files = (
				38F8033B20D8CA36009B79D1 /* CounterUITests.swift in Sources */,
			);
			runOnlyForDeploymentPostprocessing = 0;
		};
/* End PBXSourcesBuildPhase section */

/* Begin PBXTargetDependency section */
		38F8032D20D8CA33009B79D1 /* PBXTargetDependency */ = {
			isa = PBXTargetDependency;
			target = 38F8031620D8CA2B009B79D1 /* Counter */;
			targetProxy = 38F8032C20D8CA33009B79D1 /* PBXContainerItemProxy */;
		};
		38F8033820D8CA34009B79D1 /* PBXTargetDependency */ = {
			isa = PBXTargetDependency;
			target = 38F8031620D8CA2B009B79D1 /* Counter */;
			targetProxy = 38F8033720D8CA34009B79D1 /* PBXContainerItemProxy */;
		};
/* End PBXTargetDependency section */

/* Begin PBXVariantGroup section */
		38F8031E20D8CA2C009B79D1 /* Main.storyboard */ = {
			isa = PBXVariantGroup;
			children = (
				38F8031F20D8CA2C009B79D1 /* Base */,
			);
			name = Main.storyboard;
			sourceTree = "<group>";
		};
		38F8032320D8CA2E009B79D1 /* LaunchScreen.storyboard */ = {
			isa = PBXVariantGroup;
			children = (
				38F8032420D8CA2E009B79D1 /* Base */,
			);
			name = LaunchScreen.storyboard;
			sourceTree = "<group>";
		};
/* End PBXVariantGroup section */

/* Begin XCBuildConfiguration section */
		38F8033D20D8CA36009B79D1 /* Debug */ = {
			isa = XCBuildConfiguration;
			buildSettings = {
				ALWAYS_SEARCH_USER_PATHS = NO;
				CLANG_ANALYZER_NONNULL = YES;
				CLANG_ANALYZER_NUMBER_OBJECT_CONVERSION = YES_AGGRESSIVE;
				CLANG_CXX_LANGUAGE_STANDARD = "gnu++14";
				CLANG_CXX_LIBRARY = "libc++";
				CLANG_ENABLE_MODULES = YES;
				CLANG_ENABLE_OBJC_ARC = YES;
				CLANG_WARN_BLOCK_CAPTURE_AUTORELEASING = YES;
				CLANG_WARN_BOOL_CONVERSION = YES;
				CLANG_WARN_COMMA = YES;
				CLANG_WARN_CONSTANT_CONVERSION = YES;
				CLANG_WARN_DIRECT_OBJC_ISA_USAGE = YES_ERROR;
				CLANG_WARN_DOCUMENTATION_COMMENTS = YES;
				CLANG_WARN_EMPTY_BODY = YES;
				CLANG_WARN_ENUM_CONVERSION = YES;
				CLANG_WARN_INFINITE_RECURSION = YES;
				CLANG_WARN_INT_CONVERSION = YES;
				CLANG_WARN_NON_LITERAL_NULL_CONVERSION = YES;
				CLANG_WARN_OBJC_LITERAL_CONVERSION = YES;
				CLANG_WARN_OBJC_ROOT_CLASS = YES_ERROR;
				CLANG_WARN_RANGE_LOOP_ANALYSIS = YES;
				CLANG_WARN_STRICT_PROTOTYPES = YES;
				CLANG_WARN_SUSPICIOUS_MOVE = YES;
				CLANG_WARN_UNGUARDED_AVAILABILITY = YES_AGGRESSIVE;
				CLANG_WARN_UNREACHABLE_CODE = YES;
				CLANG_WARN__DUPLICATE_METHOD_MATCH = YES;
				CODE_SIGN_IDENTITY = "iPhone Developer";
				COPY_PHASE_STRIP = NO;
				DEBUG_INFORMATION_FORMAT = dwarf;
				ENABLE_STRICT_OBJC_MSGSEND = YES;
				ENABLE_TESTABILITY = YES;
				GCC_C_LANGUAGE_STANDARD = gnu11;
				GCC_DYNAMIC_NO_PIC = NO;
				GCC_NO_COMMON_BLOCKS = YES;
				GCC_OPTIMIZATION_LEVEL = 0;
				GCC_PREPROCESSOR_DEFINITIONS = (
					"DEBUG=1",
					"$(inherited)",
				);
				GCC_WARN_64_TO_32_BIT_CONVERSION = YES;
				GCC_WARN_ABOUT_RETURN_TYPE = YES_ERROR;
				GCC_WARN_UNDECLARED_SELECTOR = YES;
				GCC_WARN_UNINITIALIZED_AUTOS = YES_AGGRESSIVE;
				GCC_WARN_UNUSED_FUNCTION = YES;
				GCC_WARN_UNUSED_VARIABLE = YES;
				IPHONEOS_DEPLOYMENT_TARGET = 11.1;
				MTL_ENABLE_DEBUG_INFO = YES;
				ONLY_ACTIVE_ARCH = YES;
				SDKROOT = iphoneos;
				SWIFT_ACTIVE_COMPILATION_CONDITIONS = DEBUG;
				SWIFT_OPTIMIZATION_LEVEL = "-Onone";
			};
			name = Debug;
		};
		38F8033E20D8CA36009B79D1 /* Release */ = {
			isa = XCBuildConfiguration;
			buildSettings = {
				ALWAYS_SEARCH_USER_PATHS = NO;
				CLANG_ANALYZER_NONNULL = YES;
				CLANG_ANALYZER_NUMBER_OBJECT_CONVERSION = YES_AGGRESSIVE;
				CLANG_CXX_LANGUAGE_STANDARD = "gnu++14";
				CLANG_CXX_LIBRARY = "libc++";
				CLANG_ENABLE_MODULES = YES;
				CLANG_ENABLE_OBJC_ARC = YES;
				CLANG_WARN_BLOCK_CAPTURE_AUTORELEASING = YES;
				CLANG_WARN_BOOL_CONVERSION = YES;
				CLANG_WARN_COMMA = YES;
				CLANG_WARN_CONSTANT_CONVERSION = YES;
				CLANG_WARN_DIRECT_OBJC_ISA_USAGE = YES_ERROR;
				CLANG_WARN_DOCUMENTATION_COMMENTS = YES;
				CLANG_WARN_EMPTY_BODY = YES;
				CLANG_WARN_ENUM_CONVERSION = YES;
				CLANG_WARN_INFINITE_RECURSION = YES;
				CLANG_WARN_INT_CONVERSION = YES;
				CLANG_WARN_NON_LITERAL_NULL_CONVERSION = YES;
				CLANG_WARN_OBJC_LITERAL_CONVERSION = YES;
				CLANG_WARN_OBJC_ROOT_CLASS = YES_ERROR;
				CLANG_WARN_RANGE_LOOP_ANALYSIS = YES;
				CLANG_WARN_STRICT_PROTOTYPES = YES;
				CLANG_WARN_SUSPICIOUS_MOVE = YES;
				CLANG_WARN_UNGUARDED_AVAILABILITY = YES_AGGRESSIVE;
				CLANG_WARN_UNREACHABLE_CODE = YES;
				CLANG_WARN__DUPLICATE_METHOD_MATCH = YES;
				CODE_SIGN_IDENTITY = "iPhone Developer";
				COPY_PHASE_STRIP = NO;
				DEBUG_INFORMATION_FORMAT = "dwarf-with-dsym";
				ENABLE_NS_ASSERTIONS = NO;
				ENABLE_STRICT_OBJC_MSGSEND = YES;
				GCC_C_LANGUAGE_STANDARD = gnu11;
				GCC_NO_COMMON_BLOCKS = YES;
				GCC_WARN_64_TO_32_BIT_CONVERSION = YES;
				GCC_WARN_ABOUT_RETURN_TYPE = YES_ERROR;
				GCC_WARN_UNDECLARED_SELECTOR = YES;
				GCC_WARN_UNINITIALIZED_AUTOS = YES_AGGRESSIVE;
				GCC_WARN_UNUSED_FUNCTION = YES;
				GCC_WARN_UNUSED_VARIABLE = YES;
				IPHONEOS_DEPLOYMENT_TARGET = 11.1;
				MTL_ENABLE_DEBUG_INFO = NO;
				SDKROOT = iphoneos;
				SWIFT_OPTIMIZATION_LEVEL = "-Owholemodule";
				VALIDATE_PRODUCT = YES;
			};
			name = Release;
		};
		38F8034020D8CA36009B79D1 /* Debug */ = {
			isa = XCBuildConfiguration;
			buildSettings = {
				ASSETCATALOG_COMPILER_APPICON_NAME = AppIcon;
				CODE_SIGN_STYLE = Automatic;
				INFOPLIST_FILE = Counter/Info.plist;
				LD_RUNPATH_SEARCH_PATHS = "$(inherited) @executable_path/Frameworks";
				PRODUCT_BUNDLE_IDENTIFIER = org.byaj.Counter;
				PRODUCT_NAME = "$(TARGET_NAME)";
				SWIFT_VERSION = 4.0;
				TARGETED_DEVICE_FAMILY = "1,2";
			};
			name = Debug;
		};
		38F8034120D8CA36009B79D1 /* Release */ = {
			isa = XCBuildConfiguration;
			buildSettings = {
				ASSETCATALOG_COMPILER_APPICON_NAME = AppIcon;
				CODE_SIGN_STYLE = Automatic;
				INFOPLIST_FILE = Counter/Info.plist;
				LD_RUNPATH_SEARCH_PATHS = "$(inherited) @executable_path/Frameworks";
				PRODUCT_BUNDLE_IDENTIFIER = org.byaj.Counter;
				PRODUCT_NAME = "$(TARGET_NAME)";
				SWIFT_VERSION = 4.0;
				TARGETED_DEVICE_FAMILY = "1,2";
			};
			name = Release;
		};
		38F8034320D8CA36009B79D1 /* Debug */ = {
			isa = XCBuildConfiguration;
			buildSettings = {
				ALWAYS_EMBED_SWIFT_STANDARD_LIBRARIES = YES;
				BUNDLE_LOADER = "$(TEST_HOST)";
				CODE_SIGN_STYLE = Automatic;
				INFOPLIST_FILE = CounterTests/Info.plist;
				LD_RUNPATH_SEARCH_PATHS = "$(inherited) @executable_path/Frameworks @loader_path/Frameworks";
				PRODUCT_BUNDLE_IDENTIFIER = org.byaj.CounterTests;
				PRODUCT_NAME = "$(TARGET_NAME)";
				SWIFT_VERSION = 4.0;
				TARGETED_DEVICE_FAMILY = "1,2";
				TEST_HOST = "$(BUILT_PRODUCTS_DIR)/Counter.app/Counter";
			};
			name = Debug;
		};
		38F8034420D8CA36009B79D1 /* Release */ = {
			isa = XCBuildConfiguration;
			buildSettings = {
				ALWAYS_EMBED_SWIFT_STANDARD_LIBRARIES = YES;
				BUNDLE_LOADER = "$(TEST_HOST)";
				CODE_SIGN_STYLE = Automatic;
				INFOPLIST_FILE = CounterTests/Info.plist;
				LD_RUNPATH_SEARCH_PATHS = "$(inherited) @executable_path/Frameworks @loader_path/Frameworks";
				PRODUCT_BUNDLE_IDENTIFIER = org.byaj.CounterTests;
				PRODUCT_NAME = "$(TARGET_NAME)";
				SWIFT_VERSION = 4.0;
				TARGETED_DEVICE_FAMILY = "1,2";
				TEST_HOST = "$(BUILT_PRODUCTS_DIR)/Counter.app/Counter";
			};
			name = Release;
		};
		38F8034620D8CA36009B79D1 /* Debug */ = {
			isa = XCBuildConfiguration;
			buildSettings = {
				ALWAYS_EMBED_SWIFT_STANDARD_LIBRARIES = YES;
				CODE_SIGN_STYLE = Automatic;
				INFOPLIST_FILE = CounterUITests/Info.plist;
				LD_RUNPATH_SEARCH_PATHS = "$(inherited) @executable_path/Frameworks @loader_path/Frameworks";
				PRODUCT_BUNDLE_IDENTIFIER = org.byaj.CounterUITests;
				PRODUCT_NAME = "$(TARGET_NAME)";
				SWIFT_VERSION = 4.0;
				TARGETED_DEVICE_FAMILY = "1,2";
				TEST_TARGET_NAME = Counter;
			};
			name = Debug;
		};
		38F8034720D8CA36009B79D1 /* Release */ = {
			isa = XCBuildConfiguration;
			buildSettings = {
				ALWAYS_EMBED_SWIFT_STANDARD_LIBRARIES = YES;
				CODE_SIGN_STYLE = Automatic;
				INFOPLIST_FILE = CounterUITests/Info.plist;
				LD_RUNPATH_SEARCH_PATHS = "$(inherited) @executable_path/Frameworks @loader_path/Frameworks";
				PRODUCT_BUNDLE_IDENTIFIER = org.byaj.CounterUITests;
				PRODUCT_NAME = "$(TARGET_NAME)";
				SWIFT_VERSION = 4.0;
				TARGETED_DEVICE_FAMILY = "1,2";
				TEST_TARGET_NAME = Counter;
			};
			name = Release;
		};
/* End XCBuildConfiguration section */

/* Begin XCConfigurationList section */
		38F8031220D8CA29009B79D1 /* Build configuration list for PBXProject "Counter" */ = {
			isa = XCConfigurationList;
			buildConfigurations = (
				38F8033D20D8CA36009B79D1 /* Debug */,
				38F8033E20D8CA36009B79D1 /* Release */,
			);
			defaultConfigurationIsVisible = 0;
			defaultConfigurationName = Release;
		};
		38F8033F20D8CA36009B79D1 /* Build configuration list for PBXNativeTarget "Counter" */ = {
			isa = XCConfigurationList;
			buildConfigurations = (
				38F8034020D8CA36009B79D1 /* Debug */,
				38F8034120D8CA36009B79D1 /* Release */,
			);
			defaultConfigurationIsVisible = 0;
			defaultConfigurationName = Release;
		};
		38F8034220D8CA36009B79D1 /* Build configuration list for PBXNativeTarget "CounterTests" */ = {
			isa = XCConfigurationList;
			buildConfigurations = (
				38F8034320D8CA36009B79D1 /* Debug */,
				38F8034420D8CA36009B79D1 /* Release */,
			);
			defaultConfigurationIsVisible = 0;
			defaultConfigurationName = Release;
		};
		38F8034520D8CA36009B79D1 /* Build configuration list for PBXNativeTarget "CounterUITests" */ = {
			isa = XCConfigurationList;
			buildConfigurations = (
				38F8034620D8CA36009B79D1 /* Debug */,
				38F8034720D8CA36009B79D1 /* Release */,
			);
			defaultConfigurationIsVisible = 0;
			defaultConfigurationName = Release;
		};
/* End XCConfigurationList section */
	};
	rootObject = 38F8030F20D8CA29009B79D1 /* Project object */;
}
